
Microsoft Visual Studio Solution File, Format Version 12.00
# Visual Studio Version 16
VisualStudioVersion = 16.0.30204.135
MinimumVisualStudioVersion = 10.0.40219.1
Project("{9A19103F-16F7-4668-BE54-9A1E7A4F7556}") = "CertificateRenewal.ACME", "CertificateRenewal.ACME\CertificateRenewal.ACME.csproj", "{A783DD5B-49AF-449C-90A7-403DF32A21BE}"
EndProject
Project("{9A19103F-16F7-4668-BE54-9A1E7A4F7556}") = "CertificateRenewal.Functions", "CertificateRenewal.Functions\CertificateRenewal.Functions.csproj", "{F2C7628D-8D64-4ABD-9F0F-8490ABF04B85}"
EndProject
Global
	GlobalSection(SolutionConfigurationPlatforms) = preSolution
		Debug|Any CPU = Debug|Any CPU
		Release|Any CPU = Release|Any CPU
	EndGlobalSection
	GlobalSection(ProjectConfigurationPlatforms) = postSolution
		{A783DD5B-49AF-449C-90A7-403DF32A21BE}.Debug|Any CPU.ActiveCfg = Debug|Any CPU
		{A783DD5B-49AF-449C-90A7-403DF32A21BE}.Debug|Any CPU.Build.0 = Debug|Any CPU
		{A783DD5B-49AF-449C-90A7-403DF32A21BE}.Release|Any CPU.ActiveCfg = Release|Any CPU
		{A783DD5B-49AF-449C-90A7-403DF32A21BE}.Release|Any CPU.Build.0 = Release|Any CPU
		{F2C7628D-8D64-4ABD-9F0F-8490ABF04B85}.Debug|Any CPU.ActiveCfg = Debug|Any CPU
		{F2C7628D-8D64-4ABD-9F0F-8490ABF04B85}.Debug|Any CPU.Build.0 = Debug|Any CPU
		{F2C7628D-8D64-4ABD-9F0F-8490ABF04B85}.Release|Any CPU.ActiveCfg = Release|Any CPU
		{F2C7628D-8D64-4ABD-9F0F-8490ABF04B85}.Release|Any CPU.Build.0 = Release|Any CPU
	EndGlobalSection
	GlobalSection(SolutionProperties) = preSolution
		HideSolutionNode = FALSE
	EndGlobalSection
	GlobalSection(ExtensibilityGlobals) = postSolution
		SolutionGuid = {DF845F62-5864-4026-9BAD-96C56615AFF6}
	EndGlobalSection
EndGlobal
